
Microsoft Visual Studio Solution File, Format Version 12.00
# Visual Studio Version 16
VisualStudioVersion = 16.0.28922.388
MinimumVisualStudioVersion = 10.0.40219.1
Project("{FAE04EC0-301F-11D3-BF4B-00C04F79EFBC}") = "USB_CAN_Plus_Ctrl", "USB_CAN_Plus_Ctrl\USB_CAN_Plus_Ctrl.csproj", "{BE756F5E-ADB9-491A-904D-1BE6CD205B0C}"
EndProject
Global
	GlobalSection(SolutionConfigurationPlatforms) = preSolution
		Debug|Any CPU = Debug|Any CPU
		Debug|x64 = Debug|x64
		Debug|x86 = Debug|x86
		Release|Any CPU = Release|Any CPU
		Release|x64 = Release|x64
		Release|x86 = Release|x86
	EndGlobalSection
	GlobalSection(ProjectConfigurationPlatforms) = postSolution
		{BE756F5E-ADB9-491A-904D-1BE6CD205B0C}.Debug|Any CPU.ActiveCfg = Debug|Any CPU
		{BE756F5E-ADB9-491A-904D-1BE6CD205B0C}.Debug|Any CPU.Build.0 = Debug|Any CPU
		{BE756F5E-ADB9-491A-904D-1BE6CD205B0C}.Debug|x64.ActiveCfg = Debug|x64
		{BE756F5E-ADB9-491A-904D-1BE6CD205B0C}.Debug|x64.Build.0 = Debug|x64
		{BE756F5E-ADB9-491A-904D-1BE6CD205B0C}.Debug|x86.ActiveCfg = Debug|Any CPU
		{BE756F5E-ADB9-491A-904D-1BE6CD205B0C}.Debug|x86.Build.0 = Debug|Any CPU
		{BE756F5E-ADB9-491A-904D-1BE6CD205B0C}.Release|Any CPU.ActiveCfg = Release|Any CPU
		{BE756F5E-ADB9-491A-904D-1BE6CD205B0C}.Release|Any CPU.Build.0 = Release|Any CPU
		{BE756F5E-ADB9-491A-904D-1BE6CD205B0C}.Release|x64.ActiveCfg = Release|x64
		{BE756F5E-ADB9-491A-904D-1BE6CD205B0C}.Release|x64.Build.0 = Release|x64
		{BE756F5E-ADB9-491A-904D-1BE6CD205B0C}.Release|x86.ActiveCfg = Release|Any CPU
		{BE756F5E-ADB9-491A-904D-1BE6CD205B0C}.Release|x86.Build.0 = Release|Any CPU
	EndGlobalSection
	GlobalSection(SolutionProperties) = preSolution
		HideSolutionNode = FALSE
	EndGlobalSection
	GlobalSection(ExtensibilityGlobals) = postSolution
		SolutionGuid = {E65B1C10-DFB0-4969-959F-ECA63B5B258C}
	EndGlobalSection
EndGlobal
